
Microsoft Visual Studio Solution File, Format Version 12.00
# Visual Studio 2013
VisualStudioVersion = 12.0.31101.0
MinimumVisualStudioVersion = 10.0.40219.1
Project("{FAE04EC0-301F-11D3-BF4B-00C04F79EFBC}") = "GlobalSettingsManager", "GlobalSettingsManager\GlobalSettingsManager.csproj", "{4976D8F5-A5EC-4433-A60C-0AE233A4EEEF}"
EndProject
Project("{FAE04EC0-301F-11D3-BF4B-00C04F79EFBC}") = "SettingsManagerTests", "SettingsManagerTests\SettingsManagerTests.csproj", "{9078C32A-1654-4492-AC1F-B62A312F93BF}"
EndProject
Global
	GlobalSection(SolutionConfigurationPlatforms) = preSolution
		Debug|Any CPU = Debug|Any CPU
		Release|Any CPU = Release|Any CPU
	EndGlobalSection
	GlobalSection(ProjectConfigurationPlatforms) = postSolution
		{4976D8F5-A5EC-4433-A60C-0AE233A4EEEF}.Debug|Any CPU.ActiveCfg = Debug|Any CPU
		{4976D8F5-A5EC-4433-A60C-0AE233A4EEEF}.Debug|Any CPU.Build.0 = Debug|Any CPU
		{4976D8F5-A5EC-4433-A60C-0AE233A4EEEF}.Release|Any CPU.ActiveCfg = Release|Any CPU
		{4976D8F5-A5EC-4433-A60C-0AE233A4EEEF}.Release|Any CPU.Build.0 = Release|Any CPU
		{9078C32A-1654-4492-AC1F-B62A312F93BF}.Debug|Any CPU.ActiveCfg = Debug|Any CPU
		{9078C32A-1654-4492-AC1F-B62A312F93BF}.Debug|Any CPU.Build.0 = Debug|Any CPU
		{9078C32A-1654-4492-AC1F-B62A312F93BF}.Release|Any CPU.ActiveCfg = Release|Any CPU
		{9078C32A-1654-4492-AC1F-B62A312F93BF}.Release|Any CPU.Build.0 = Release|Any CPU
	EndGlobalSection
	GlobalSection(SolutionProperties) = preSolution
		HideSolutionNode = FALSE
	EndGlobalSection
EndGlobal
